<?xml version="1.0" encoding="utf-8"?>
<Project ToolsVersion="18.0" xmlns="http://schemas.microsoft.com/developer/msbuild/2003">
  <ItemGroup>
    <ClCompile Include="D:\desarrollos\ABDSynths\ABDEep\Source\Tools\UnitTests\FXUnitTestsRunner.cpp">
      <Filter>Source Files</Filter>
    </ClCompile>
    <ClCompile Include="D:\desarrollos\ABDSynths\ABDEep\Source\Tools\UnitTests\SynthEngineUnitTests.cpp">
      <Filter>Source Files</Filter>
    </ClCompile>
    <ClCompile Include="D:\desarrollos\ABDSynths\ABDEep\Source\Tools\UnitTests\AudioABComparatorUnitTests.cpp">
      <Filter>Source Files</Filter>
    </ClCompile>
    <ClCompile Include="D:\desarrollos\ABDSynths\ABDEep\Source\DSP\FX\FXUnitTests.cpp">
      <Filter>Source Files</Filter>
    </ClCompile>
    <ClCompile Include="D:\desarrollos\ABDSynths\ABDJUNiO601\JUCE\modules\juce_audio_processors\juce_audio_processors.cpp">
      <Filter>Source Files</Filter>
    </ClCompile>
    <ClCompile Include="D:\desarrollos\ABDSynths\ABDJUNiO601\JUCE\modules\juce_gui_extra\juce_gui_extra.cpp">
      <Filter>Source Files</Filter>
    </ClCompile>
    <ClCompile Include="D:\desarrollos\ABDSynths\ABDJUNiO601\JUCE\modules\juce_gui_basics\juce_gui_basics.cpp">
      <Filter>Source Files</Filter>
    </ClCompile>
    <ClCompile Include="D:\desarrollos\ABDSynths\ABDJUNiO601\JUCE\modules\juce_graphics\juce_graphics.cpp">
      <Filter>Source Files</Filter>
    </ClCompile>
    <ClCompile Include="D:\desarrollos\ABDSynths\ABDJUNiO601\JUCE\modules\juce_graphics\juce_graphics_Harfbuzz.cpp">
      <Filter>Source Files</Filter>
    </ClCompile>
    <ClCompile Include="D:\desarrollos\ABDSynths\ABDJUNiO601\JUCE\modules\juce_graphics\juce_graphics_Sheenbidi.c">
      <Filter>Source Files</Filter>
    </ClCompile>
    <ClCompile Include="D:\desarrollos\ABDSynths\ABDJUNiO601\JUCE\modules\juce_events\juce_events.cpp">
      <Filter>Source Files</Filter>
    </ClCompile>
    <ClCompile Include="D:\desarrollos\ABDSynths\ABDJUNiO601\JUCE\modules\juce_core\juce_core.cpp">
      <Filter>Source Files</Filter>
    </ClCompile>
    <ClCompile Include="D:\desarrollos\ABDSynths\ABDJUNiO601\JUCE\modules\juce_core\juce_core_CompilationTime.cpp">
      <Filter>Source Files</Filter>
    </ClCompile>
    <ClCompile Include="D:\desarrollos\ABDSynths\ABDJUNiO601\JUCE\modules\juce_data_structures\juce_data_structures.cpp">
      <Filter>Source Files</Filter>
    </ClCompile>
    <ClCompile Include="D:\desarrollos\ABDSynths\ABDJUNiO601\JUCE\modules\juce_audio_processors_headless\juce_audio_processors_headless.cpp">
      <Filter>Source Files</Filter>
    </ClCompile>
    <ClCompile Include="D:\desarrollos\ABDSynths\ABDJUNiO601\JUCE\modules\juce_audio_processors_headless\juce_audio_processors_headless_ara.cpp">
      <Filter>Source Files</Filter>
    </ClCompile>
    <ClCompile Include="D:\desarrollos\ABDSynths\ABDJUNiO601\JUCE\modules\juce_audio_processors_headless\juce_audio_processors_headless_lv2_libs.cpp">
      <Filter>Source Files</Filter>
    </ClCompile>
    <ClCompile Include="D:\desarrollos\ABDSynths\ABDJUNiO601\JUCE\modules\juce_audio_basics\juce_audio_basics.cpp">
      <Filter>Source Files</Filter>
    </ClCompile>
    <ClCompile Include="D:\desarrollos\ABDSynths\ABDJUNiO601\JUCE\modules\juce_audio_utils\juce_audio_utils.cpp">
      <Filter>Source Files</Filter>
    </ClCompile>
    <ClCompile Include="D:\desarrollos\ABDSynths\ABDJUNiO601\JUCE\modules\juce_audio_formats\juce_audio_formats.cpp">
      <Filter>Source Files</Filter>
    </ClCompile>
    <ClCompile Include="D:\desarrollos\ABDSynths\ABDJUNiO601\JUCE\modules\juce_audio_devices\juce_audio_devices.cpp">
      <Filter>Source Files</Filter>
    </ClCompile>
    <ClCompile Include="D:\desarrollos\ABDSynths\ABDJUNiO601\JUCE\modules\juce_dsp\juce_dsp.cpp">
      <Filter>Source Files</Filter>
    </ClCompile>
  </ItemGroup>
  <ItemGroup>
    <ClInclude Include="D:\desarrollos\ABDSynths\ABDEep\build_tests\ABDEep_UnitTests_artefacts\JuceLibraryCode\JuceHeader.h">
      <Filter>Header Files</Filter>
    </ClInclude>
  </ItemGroup>
  <ItemGroup>
    <CustomBuild Include="D:\desarrollos\ABDSynths\ABDEep\build_tests\CMakeFiles\4b205c9cb14ad732bb5ff00576a76620\JuceHeader.h.rule">
      <Filter>CMake Rules</Filter>
    </CustomBuild>
    <CustomBuild Include="D:\desarrollos\ABDSynths\ABDEep\CMakeLists.txt" />
  </ItemGroup>
  <ItemGroup>
    <Object Include="D:\desarrollos\ABDSynths\ABDEep\build_tests\ABDEep_UnitTests_rc_lib.dir\$(Configuration)\ABDEep_UnitTests_resources.res">
      <Filter>Object Libraries</Filter>
    </Object>
  </ItemGroup>
  <ItemGroup>
    <Filter Include="CMake Rules">
      <UniqueIdentifier>{0A2AD42E-F404-37B7-A661-C35C78CD77EE}</UniqueIdentifier>
    </Filter>
    <Filter Include="Header Files">
      <UniqueIdentifier>{1B701517-F684-3DB2-A2BD-8A8A7CA009F8}</UniqueIdentifier>
    </Filter>
    <Filter Include="Object Libraries">
      <UniqueIdentifier>{02362C31-9355-3AC9-AEE1-7C0414410F06}</UniqueIdentifier>
    </Filter>
    <Filter Include="Source Files">
      <UniqueIdentifier>{F60091B1-D8B0-39C3-8571-FDF6CA063974}</UniqueIdentifier>
    </Filter>
  </ItemGroup>
</Project>
