<?xml version="1.0" encoding="utf-8"?>
<Project ToolsVersion="18.0" xmlns="http://schemas.microsoft.com/developer/msbuild/2003">
  <ItemGroup>
    <ClCompile Include="D:\desarrollos\ABDSynths\ABDEep\Source\Core\ParametersSpec.cpp">
      <Filter>Source Files</Filter>
    </ClCompile>
    <ClCompile Include="D:\desarrollos\ABDSynths\ABDEep\Source\Core\RoundTripValidator.cpp">
      <Filter>Source Files</Filter>
    </ClCompile>
    <ClCompile Include="D:\desarrollos\ABDSynths\ABDEep\Source\Core\CalibrationSpec.cpp">
      <Filter>Source Files</Filter>
    </ClCompile>
    <ClCompile Include="D:\desarrollos\ABDSynths\ABDEep\Source\Calibration\AudioABComparator.cpp">
      <Filter>Source Files</Filter>
    </ClCompile>
    <ClCompile Include="D:\desarrollos\ABDSynths\ABDEep\Source\Calibration\AudioABVerdictEngine.cpp">
      <Filter>Source Files</Filter>
    </ClCompile>
    <ClCompile Include="D:\desarrollos\ABDSynths\ABDEep\Source\DSP\OSC1.cpp">
      <Filter>Source Files</Filter>
    </ClCompile>
    <ClCompile Include="D:\desarrollos\ABDSynths\ABDEep\Source\DSP\OSC2.cpp">
      <Filter>Source Files</Filter>
    </ClCompile>
    <ClCompile Include="D:\desarrollos\ABDSynths\ABDEep\Source\DSP\ModulationMatrix.cpp">
      <Filter>Source Files</Filter>
    </ClCompile>
    <ClCompile Include="D:\desarrollos\ABDSynths\ABDEep\Source\DSP\Envelope.cpp">
      <Filter>Source Files</Filter>
    </ClCompile>
    <ClCompile Include="D:\desarrollos\ABDSynths\ABDEep\Source\DSP\LFO.cpp">
      <Filter>Source Files</Filter>
    </ClCompile>
    <ClCompile Include="D:\desarrollos\ABDSynths\ABDEep\Source\DSP\JunoVCF_ZDF.cpp">
      <Filter>Source Files</Filter>
    </ClCompile>
    <ClCompile Include="D:\desarrollos\ABDSynths\ABDEep\Source\DSP\Filter.cpp">
      <Filter>Source Files</Filter>
    </ClCompile>
    <ClCompile Include="D:\desarrollos\ABDSynths\ABDEep\Source\DSP\SynthVoice.cpp">
      <Filter>Source Files</Filter>
    </ClCompile>
    <ClCompile Include="D:\desarrollos\ABDSynths\ABDEep\Source\DSP\SynthEngine.cpp">
      <Filter>Source Files</Filter>
    </ClCompile>
    <ClCompile Include="D:\desarrollos\ABDSynths\ABDEep\Source\DSP\DriftEngine.cpp">
      <Filter>Source Files</Filter>
    </ClCompile>
    <ClCompile Include="D:\desarrollos\ABDSynths\ABDEep\Source\DSP\FX\FXSlot.cpp">
      <Filter>Source Files</Filter>
    </ClCompile>
    <ClCompile Include="D:\desarrollos\ABDSynths\ABDEep\Source\DSP\FX\FXDelay.cpp">
      <Filter>Source Files</Filter>
    </ClCompile>
    <ClCompile Include="D:\desarrollos\ABDSynths\ABDEep\Source\DSP\FX\FXChorus.cpp">
      <Filter>Source Files</Filter>
    </ClCompile>
    <ClCompile Include="D:\desarrollos\ABDSynths\ABDEep\Source\DSP\FX\FXSimpleReverb.cpp">
      <Filter>Source Files</Filter>
    </ClCompile>
    <ClCompile Include="D:\desarrollos\ABDSynths\ABDEep\Source\DSP\FX\FXFlanger.cpp">
      <Filter>Source Files</Filter>
    </ClCompile>
    <ClCompile Include="D:\desarrollos\ABDSynths\ABDEep\Source\DSP\FX\FXPhaser.cpp">
      <Filter>Source Files</Filter>
    </ClCompile>
    <ClCompile Include="D:\desarrollos\ABDSynths\ABDEep\Source\DSP\FX\FXRotarySpeaker.cpp">
      <Filter>Source Files</Filter>
    </ClCompile>
    <ClCompile Include="D:\desarrollos\ABDSynths\ABDEep\Source\DSP\FX\FXAutoPan.cpp">
      <Filter>Source Files</Filter>
    </ClCompile>
    <ClCompile Include="D:\desarrollos\ABDSynths\ABDEep\Source\DSP\FX\FXRackAmp.cpp">
      <Filter>Source Files</Filter>
    </ClCompile>
    <ClCompile Include="D:\desarrollos\ABDSynths\ABDEep\Source\DSP\FX\FXMultiBandDist.cpp">
      <Filter>Source Files</Filter>
    </ClCompile>
    <ClCompile Include="D:\desarrollos\ABDSynths\ABDEep\Source\DSP\FX\FXEdison.cpp">
      <Filter>Source Files</Filter>
    </ClCompile>
    <ClCompile Include="D:\desarrollos\ABDSynths\ABDEep\Source\DSP\FX\FXMoodFilter.cpp">
      <Filter>Source Files</Filter>
    </ClCompile>
    <ClCompile Include="D:\desarrollos\ABDSynths\ABDEep\Source\DSP\FX\FXEnhancer.cpp">
      <Filter>Source Files</Filter>
    </ClCompile>
    <ClCompile Include="D:\desarrollos\ABDSynths\ABDEep\Source\DSP\FX\FXSimpleComp.cpp">
      <Filter>Source Files</Filter>
    </ClCompile>
    <ClCompile Include="D:\desarrollos\ABDSynths\ABDEep\Source\DSP\FX\FXNoiseGate.cpp">
      <Filter>Source Files</Filter>
    </ClCompile>
    <ClCompile Include="D:\desarrollos\ABDSynths\ABDEep\Source\DSP\FX\FXPitchShifter.cpp">
      <Filter>Source Files</Filter>
    </ClCompile>
    <ClCompile Include="D:\desarrollos\ABDSynths\ABDEep\Source\DSP\FX\FXDecimDelay.cpp">
      <Filter>Source Files</Filter>
    </ClCompile>
    <ClCompile Include="D:\desarrollos\ABDSynths\ABDEep\Source\DSP\FX\FXTapeDelay.cpp">
      <Filter>Source Files</Filter>
    </ClCompile>
    <ClCompile Include="D:\desarrollos\ABDSynths\ABDEep\Source\DSP\FX\FXModDelayRev.cpp">
      <Filter>Source Files</Filter>
    </ClCompile>
    <ClCompile Include="D:\desarrollos\ABDSynths\ABDEep\Source\DSP\FX\FXEngine.cpp">
      <Filter>Source Files</Filter>
    </ClCompile>
    <ClCompile Include="D:\desarrollos\ABDSynths\ABDJUNiO601\JUCE\modules\juce_audio_processors\juce_audio_processors.cpp">
      <Filter>Source Files</Filter>
    </ClCompile>
    <ClCompile Include="D:\desarrollos\ABDSynths\ABDJUNiO601\JUCE\modules\juce_gui_extra\juce_gui_extra.cpp">
      <Filter>Source Files</Filter>
    </ClCompile>
    <ClCompile Include="D:\desarrollos\ABDSynths\ABDJUNiO601\JUCE\modules\juce_gui_basics\juce_gui_basics.cpp">
      <Filter>Source Files</Filter>
    </ClCompile>
    <ClCompile Include="D:\desarrollos\ABDSynths\ABDJUNiO601\JUCE\modules\juce_graphics\juce_graphics.cpp">
      <Filter>Source Files</Filter>
    </ClCompile>
    <ClCompile Include="D:\desarrollos\ABDSynths\ABDJUNiO601\JUCE\modules\juce_graphics\juce_graphics_Harfbuzz.cpp">
      <Filter>Source Files</Filter>
    </ClCompile>
    <ClCompile Include="D:\desarrollos\ABDSynths\ABDJUNiO601\JUCE\modules\juce_graphics\juce_graphics_Sheenbidi.c">
      <Filter>Source Files</Filter>
    </ClCompile>
    <ClCompile Include="D:\desarrollos\ABDSynths\ABDJUNiO601\JUCE\modules\juce_events\juce_events.cpp">
      <Filter>Source Files</Filter>
    </ClCompile>
    <ClCompile Include="D:\desarrollos\ABDSynths\ABDJUNiO601\JUCE\modules\juce_core\juce_core.cpp">
      <Filter>Source Files</Filter>
    </ClCompile>
    <ClCompile Include="D:\desarrollos\ABDSynths\ABDJUNiO601\JUCE\modules\juce_core\juce_core_CompilationTime.cpp">
      <Filter>Source Files</Filter>
    </ClCompile>
    <ClCompile Include="D:\desarrollos\ABDSynths\ABDJUNiO601\JUCE\modules\juce_data_structures\juce_data_structures.cpp">
      <Filter>Source Files</Filter>
    </ClCompile>
    <ClCompile Include="D:\desarrollos\ABDSynths\ABDJUNiO601\JUCE\modules\juce_audio_processors_headless\juce_audio_processors_headless.cpp">
      <Filter>Source Files</Filter>
    </ClCompile>
    <ClCompile Include="D:\desarrollos\ABDSynths\ABDJUNiO601\JUCE\modules\juce_audio_processors_headless\juce_audio_processors_headless_ara.cpp">
      <Filter>Source Files</Filter>
    </ClCompile>
    <ClCompile Include="D:\desarrollos\ABDSynths\ABDJUNiO601\JUCE\modules\juce_audio_processors_headless\juce_audio_processors_headless_lv2_libs.cpp">
      <Filter>Source Files</Filter>
    </ClCompile>
    <ClCompile Include="D:\desarrollos\ABDSynths\ABDJUNiO601\JUCE\modules\juce_audio_basics\juce_audio_basics.cpp">
      <Filter>Source Files</Filter>
    </ClCompile>
    <ClCompile Include="D:\desarrollos\ABDSynths\ABDJUNiO601\JUCE\modules\juce_audio_utils\juce_audio_utils.cpp">
      <Filter>Source Files</Filter>
    </ClCompile>
    <ClCompile Include="D:\desarrollos\ABDSynths\ABDJUNiO601\JUCE\modules\juce_audio_formats\juce_audio_formats.cpp">
      <Filter>Source Files</Filter>
    </ClCompile>
    <ClCompile Include="D:\desarrollos\ABDSynths\ABDJUNiO601\JUCE\modules\juce_audio_devices\juce_audio_devices.cpp">
      <Filter>Source Files</Filter>
    </ClCompile>
    <ClCompile Include="D:\desarrollos\ABDSynths\ABDJUNiO601\JUCE\modules\juce_dsp\juce_dsp.cpp">
      <Filter>Source Files</Filter>
    </ClCompile>
  </ItemGroup>
  <ItemGroup>
    <ClInclude Include="D:\desarrollos\ABDSynths\ABDEep\Source\Core\ParametersSpec.h">
      <Filter>Header Files</Filter>
    </ClInclude>
    <ClInclude Include="D:\desarrollos\ABDSynths\ABDEep\Source\Core\DiagnosticSnapshots.h">
      <Filter>Header Files</Filter>
    </ClInclude>
    <ClInclude Include="D:\desarrollos\ABDSynths\ABDEep\Source\Core\PatchDiffTypes.h">
      <Filter>Header Files</Filter>
    </ClInclude>
    <ClInclude Include="D:\desarrollos\ABDSynths\ABDEep\Source\Core\RoundTripValidator.h">
      <Filter>Header Files</Filter>
    </ClInclude>
    <ClInclude Include="D:\desarrollos\ABDSynths\ABDEep\Source\Core\CalibrationSpec.h">
      <Filter>Header Files</Filter>
    </ClInclude>
    <ClInclude Include="D:\desarrollos\ABDSynths\ABDEep\Source\Calibration\AudioABComparator.h">
      <Filter>Header Files</Filter>
    </ClInclude>
    <ClInclude Include="D:\desarrollos\ABDSynths\ABDEep\Source\Calibration\AudioABVerdictEngine.h">
      <Filter>Header Files</Filter>
    </ClInclude>
    <ClInclude Include="D:\desarrollos\ABDSynths\ABDEep\Source\DSP\Oscillator.h">
      <Filter>Header Files</Filter>
    </ClInclude>
    <ClInclude Include="D:\desarrollos\ABDSynths\ABDEep\Source\DSP\DSPHelpers.h">
      <Filter>Header Files</Filter>
    </ClInclude>
    <ClInclude Include="D:\desarrollos\ABDSynths\ABDEep\Source\DSP\OSC1.h">
      <Filter>Header Files</Filter>
    </ClInclude>
    <ClInclude Include="D:\desarrollos\ABDSynths\ABDEep\Source\DSP\OSC2.h">
      <Filter>Header Files</Filter>
    </ClInclude>
    <ClInclude Include="D:\desarrollos\ABDSynths\ABDEep\Source\DSP\ModulationMatrix.h">
      <Filter>Header Files</Filter>
    </ClInclude>
    <ClInclude Include="D:\desarrollos\ABDSynths\ABDEep\Source\DSP\Envelope.h">
      <Filter>Header Files</Filter>
    </ClInclude>
    <ClInclude Include="D:\desarrollos\ABDSynths\ABDEep\Source\DSP\LFO.h">
      <Filter>Header Files</Filter>
    </ClInclude>
    <ClInclude Include="D:\desarrollos\ABDSynths\ABDEep\Source\DSP\JunoVCF_ZDF.h">
      <Filter>Header Files</Filter>
    </ClInclude>
    <ClInclude Include="D:\desarrollos\ABDSynths\ABDEep\Source\DSP\VcfVoicing.h">
      <Filter>Header Files</Filter>
    </ClInclude>
    <ClInclude Include="D:\desarrollos\ABDSynths\ABDEep\Source\DSP\JunoHPF.h">
      <Filter>Header Files</Filter>
    </ClInclude>
    <ClInclude Include="D:\desarrollos\ABDSynths\ABDEep\Source\DSP\Filter.h">
      <Filter>Header Files</Filter>
    </ClInclude>
    <ClInclude Include="D:\desarrollos\ABDSynths\ABDEep\Source\DSP\SynthVoice.h">
      <Filter>Header Files</Filter>
    </ClInclude>
    <ClInclude Include="D:\desarrollos\ABDSynths\ABDEep\Source\DSP\SynthEngine.h">
      <Filter>Header Files</Filter>
    </ClInclude>
    <ClInclude Include="D:\desarrollos\ABDSynths\ABDEep\Source\DSP\DriftEngine.h">
      <Filter>Header Files</Filter>
    </ClInclude>
    <ClInclude Include="D:\desarrollos\ABDSynths\ABDEep\Source\DSP\FX\FXBase.h">
      <Filter>Header Files</Filter>
    </ClInclude>
    <ClInclude Include="D:\desarrollos\ABDSynths\ABDEep\Source\DSP\FX\FXSlot.h">
      <Filter>Header Files</Filter>
    </ClInclude>
    <ClInclude Include="D:\desarrollos\ABDSynths\ABDEep\Source\DSP\FX\FXDelay.h">
      <Filter>Header Files</Filter>
    </ClInclude>
    <ClInclude Include="D:\desarrollos\ABDSynths\ABDEep\Source\DSP\FX\FXChorus.h">
      <Filter>Header Files</Filter>
    </ClInclude>
    <ClInclude Include="D:\desarrollos\ABDSynths\ABDEep\Source\DSP\FX\FXSimpleReverb.h">
      <Filter>Header Files</Filter>
    </ClInclude>
    <ClInclude Include="D:\desarrollos\ABDSynths\ABDEep\Source\DSP\FX\FXFlanger.h">
      <Filter>Header Files</Filter>
    </ClInclude>
    <ClInclude Include="D:\desarrollos\ABDSynths\ABDEep\Source\DSP\FX\FXPhaser.h">
      <Filter>Header Files</Filter>
    </ClInclude>
    <ClInclude Include="D:\desarrollos\ABDSynths\ABDEep\Source\DSP\FX\FXRotarySpeaker.h">
      <Filter>Header Files</Filter>
    </ClInclude>
    <ClInclude Include="D:\desarrollos\ABDSynths\ABDEep\Source\DSP\FX\FXAutoPan.h">
      <Filter>Header Files</Filter>
    </ClInclude>
    <ClInclude Include="D:\desarrollos\ABDSynths\ABDEep\Source\DSP\FX\FXRackAmp.h">
      <Filter>Header Files</Filter>
    </ClInclude>
    <ClInclude Include="D:\desarrollos\ABDSynths\ABDEep\Source\DSP\FX\FXMultiBandDist.h">
      <Filter>Header Files</Filter>
    </ClInclude>
    <ClInclude Include="D:\desarrollos\ABDSynths\ABDEep\Source\DSP\FX\FXEdison.h">
      <Filter>Header Files</Filter>
    </ClInclude>
    <ClInclude Include="D:\desarrollos\ABDSynths\ABDEep\Source\DSP\FX\FXMoodFilter.h">
      <Filter>Header Files</Filter>
    </ClInclude>
    <ClInclude Include="D:\desarrollos\ABDSynths\ABDEep\Source\DSP\FX\FXEnhancer.h">
      <Filter>Header Files</Filter>
    </ClInclude>
    <ClInclude Include="D:\desarrollos\ABDSynths\ABDEep\Source\DSP\FX\FXSimpleComp.h">
      <Filter>Header Files</Filter>
    </ClInclude>
    <ClInclude Include="D:\desarrollos\ABDSynths\ABDEep\Source\DSP\FX\FXNoiseGate.h">
      <Filter>Header Files</Filter>
    </ClInclude>
    <ClInclude Include="D:\desarrollos\ABDSynths\ABDEep\Source\DSP\FX\FXPitchShifter.h">
      <Filter>Header Files</Filter>
    </ClInclude>
    <ClInclude Include="D:\desarrollos\ABDSynths\ABDEep\Source\DSP\FX\FXDecimDelay.h">
      <Filter>Header Files</Filter>
    </ClInclude>
    <ClInclude Include="D:\desarrollos\ABDSynths\ABDEep\Source\DSP\FX\FXTapeDelay.h">
      <Filter>Header Files</Filter>
    </ClInclude>
    <ClInclude Include="D:\desarrollos\ABDSynths\ABDEep\Source\DSP\FX\FXModDelayRev.h">
      <Filter>Header Files</Filter>
    </ClInclude>
    <ClInclude Include="D:\desarrollos\ABDSynths\ABDEep\Source\DSP\FX\FXEngine.h">
      <Filter>Header Files</Filter>
    </ClInclude>
  </ItemGroup>
  <ItemGroup>
    <CustomBuild Include="D:\desarrollos\ABDSynths\ABDEep\CMakeLists.txt" />
  </ItemGroup>
  <ItemGroup>
    <Filter Include="Header Files">
      <UniqueIdentifier>{1B701517-F684-3DB2-A2BD-8A8A7CA009F8}</UniqueIdentifier>
    </Filter>
    <Filter Include="Source Files">
      <UniqueIdentifier>{F60091B1-D8B0-39C3-8571-FDF6CA063974}</UniqueIdentifier>
    </Filter>
  </ItemGroup>
</Project>
